# THIS IS AN AUTOGENERATED FILE. DO NOT EDIT THIS FILE DIRECTLY.
# yarn lockfile v1


asap@~2.0.6:
  version "2.0.6"
  resolved "https://registry.yarnpkg.com/asap/-/asap-2.0.6.tgz#e50347611d7e690943208bbdafebcbc2fb866d46"
  integrity sha1-5QNHYR1+aQlDIIu9r+vLwvuGbUY=

axios@0.21.1:
  version "0.21.1"
  resolved "https://registry.yarnpkg.com/axios/-/axios-0.21.1.tgz#22563481962f4d6bde9a76d516ef0e5d3c09b2b8"
  integrity sha512-dKQiRHxGD9PPRIUNIWvZhPTPpl1rf/OxTYKsqKUDjBwYylTvV7SjSHJb9ratfyzM6wCdLCOYLzs73qpg5c4iGA==
  dependencies:
    follow-redirects "^1.10.0"

camel-case@^3.0.0:
  version "3.0.0"
  resolved "https://registry.yarnpkg.com/camel-case/-/camel-case-3.0.0.tgz#ca3c3688a4e9cf3a4cda777dc4dcbc713249cf73"
  integrity sha1-yjw2iKTpzzpM2nd9xNy8cTJJz3M=
  dependencies:
    no-case "^2.2.0"
    upper-case "^1.1.1"

follow-redirects@^1.10.0:
  version "1.13.3"
  resolved "https://registry.yarnpkg.com/follow-redirects/-/follow-redirects-1.13.3.tgz#e5598ad50174c1bc4e872301e82ac2cd97f90267"
  integrity sha512-DUgl6+HDzB0iEptNQEXLx/KhTmDb8tZUHSeLqpnjpknR70H0nC2t9N73BK6fN4hOvJ84pKlIQVQ4k5FFlBedKA==

lodash._basecallback@^3.0.0:
  version "3.3.1"
  resolved "https://registry.yarnpkg.com/lodash._basecallback/-/lodash._basecallback-3.3.1.tgz#b7b2bb43dc2160424a21ccf26c57e443772a8e27"
  integrity sha1-t7K7Q9whYEJKIczybFfkQ3cqjic=
  dependencies:
    lodash._baseisequal "^3.0.0"
    lodash._bindcallback "^3.0.0"
    lodash.isarray "^3.0.0"
    lodash.pairs "^3.0.0"

lodash._baseeach@^3.0.0:
  version "3.0.4"
  resolved "https://registry.yarnpkg.com/lodash._baseeach/-/lodash._baseeach-3.0.4.tgz#cf8706572ca144e8d9d75227c990da982f932af3"
  integrity sha1-z4cGVyyhROjZ11InyZDamC+TKvM=
  dependencies:
    lodash.keys "^3.0.0"

lodash._basefind@^3.0.0:
  version "3.0.0"
  resolved "https://registry.yarnpkg.com/lodash._basefind/-/lodash._basefind-3.0.0.tgz#b2bba05cc645f972de2cf925fa2bf63a0f60c8ae"
  integrity sha1-srugXMZF+XLeLPkl+iv2Og9gyK4=

lodash._basefindindex@^3.0.0:
  version "3.6.0"
  resolved "https://registry.yarnpkg.com/lodash._basefindindex/-/lodash._basefindindex-3.6.0.tgz#f083360a1b022418ed81bc899beb312e21e74a4f"
  integrity sha1-8IM2ChsCJBjtgbyJm+sxLiHnSk8=

lodash._baseflatten@^3.0.0:
  version "3.1.4"
  resolved "https://registry.yarnpkg.com/lodash._baseflatten/-/lodash._baseflatten-3.1.4.tgz#0770ff80131af6e34f3b511796a7ba5214e65ff7"
  integrity sha1-B3D/gBMa9uNPO1EXlqe6UhTmX/c=
  dependencies:
    lodash.isarguments "^3.0.0"
    lodash.isarray "^3.0.0"

lodash._basefor@^3.0.0:
  version "3.0.3"
  resolved "https://registry.yarnpkg.com/lodash._basefor/-/lodash._basefor-3.0.3.tgz#7550b4e9218ef09fad24343b612021c79b4c20c2"
  integrity sha1-dVC06SGO8J+tJDQ7YSAhx5tMIMI=

lodash._baseisequal@^3.0.0:
  version "3.0.7"
  resolved "https://registry.yarnpkg.com/lodash._baseisequal/-/lodash._baseisequal-3.0.7.tgz#d8025f76339d29342767dcc887ce5cb95a5b51f1"
  integrity sha1-2AJfdjOdKTQnZ9zIh85cuVpbUfE=
  dependencies:
    lodash.isarray "^3.0.0"
    lodash.istypedarray "^3.0.0"
    lodash.keys "^3.0.0"

lodash._baseismatch@^3.0.0:
  version "3.1.3"
  resolved "https://registry.yarnpkg.com/lodash._baseismatch/-/lodash._baseismatch-3.1.3.tgz#0728fc48efa11699d3d5f2d73049f2ab13c40fd5"
  integrity sha1-Byj8SO+hFpnT1fLXMEnyqxPED9U=
  dependencies:
    lodash._baseisequal "^3.0.0"

lodash._basematches@^3.0.0:
  version "3.2.0"
  resolved "https://registry.yarnpkg.com/lodash._basematches/-/lodash._basematches-3.2.0.tgz#f47e03f07ec20784ab0968d0cb6cb597e2101158"
  integrity sha1-9H4D8H7CB4SrCWjQy2y1l+IQEVg=
  dependencies:
    lodash._baseismatch "^3.0.0"
    lodash.pairs "^3.0.0"

lodash._bindcallback@^3.0.0:
  version "3.0.1"
  resolved "https://registry.yarnpkg.com/lodash._bindcallback/-/lodash._bindcallback-3.0.1.tgz#e531c27644cf8b57a99e17ed95b35c748789392e"
  integrity sha1-5THCdkTPi1epnhftlbNcdIeJOS4=

lodash._createaggregator@^3.0.0:
  version "3.0.0"
  resolved "https://registry.yarnpkg.com/lodash._createaggregator/-/lodash._createaggregator-3.0.0.tgz#d66cbf39949b050d87df53461f0d059dfb08dc9f"
  integrity sha1-1my/OZSbBQ2H31NGHw0FnfsI3J8=
  dependencies:
    lodash._basecallback "^3.0.0"
    lodash._baseeach "^3.0.0"
    lodash.isarray "^3.0.0"

lodash._getnative@^3.0.0:
  version "3.9.1"
  resolved "https://registry.yarnpkg.com/lodash._getnative/-/lodash._getnative-3.9.1.tgz#570bc7dede46d61cdcde687d65d3eecbaa3aaff5"
  integrity sha1-VwvH3t5G1hzc3mh9ZdPuy6o6r/U=

lodash._isiterateecall@^3.0.0:
  version "3.0.9"
  resolved "https://registry.yarnpkg.com/lodash._isiterateecall/-/lodash._isiterateecall-3.0.9.tgz#5203ad7ba425fae842460e696db9cf3e6aac057c"
  integrity sha1-UgOte6Ql+uhCRg5pbbnPPmqsBXw=

lodash._pickbyarray@^3.0.0:
  version "3.0.2"
  resolved "https://registry.yarnpkg.com/lodash._pickbyarray/-/lodash._pickbyarray-3.0.2.tgz#1f898d9607eb560b0e167384b77c7c6d108aa4c5"
  integrity sha1-H4mNlgfrVgsOFnOEt3x8bRCKpMU=

lodash._pickbycallback@^3.0.0:
  version "3.0.0"
  resolved "https://registry.yarnpkg.com/lodash._pickbycallback/-/lodash._pickbycallback-3.0.0.tgz#ff61b9a017a7b3af7d30e6c53de28afa19b8750a"
  integrity sha1-/2G5oBens699MObFPeKK+hm4dQo=
  dependencies:
    lodash._basefor "^3.0.0"
    lodash.keysin "^3.0.0"

lodash.find@^3.0.0, lodash.find@^3.2.0:
  version "3.2.1"
  resolved "https://registry.yarnpkg.com/lodash.find/-/lodash.find-3.2.1.tgz#046e319f3ace912ac6c9246c7f683c5ec07b36ad"
  integrity sha1-BG4xnzrOkSrGySRsf2g8XsB7Nq0=
  dependencies:
    lodash._basecallback "^3.0.0"
    lodash._baseeach "^3.0.0"
    lodash._basefind "^3.0.0"
    lodash._basefindindex "^3.0.0"
    lodash.isarray "^3.0.0"
    lodash.keys "^3.0.0"

lodash.findwhere@^3.1.0:
  version "3.1.0"
  resolved "https://registry.yarnpkg.com/lodash.findwhere/-/lodash.findwhere-3.1.0.tgz#7937d34f3eac818dec7fa94e8ca5e26fdba1cfc1"
  integrity sha1-eTfTTz6sgY3sf6lOjKXib9uhz8E=
  dependencies:
    lodash._basematches "^3.0.0"
    lodash.find "^3.0.0"

lodash.get@^4.4.2:
  version "4.4.2"
  resolved "https://registry.yarnpkg.com/lodash.get/-/lodash.get-4.4.2.tgz#2d177f652fa31e939b4438d5341499dfa3825e99"
  integrity sha1-LRd/ZS+jHpObRDjVNBSZ36OCXpk=

lodash.indexby@^3.1.1:
  version "3.1.1"
  resolved "https://registry.yarnpkg.com/lodash.indexby/-/lodash.indexby-3.1.1.tgz#f2caab0ff279837858147730d863cdd80c1c042e"
  integrity sha1-8sqrD/J5g3hYFHcw2GPN2AwcBC4=
  dependencies:
    lodash._createaggregator "^3.0.0"
    lodash.keys "^3.0.0"

lodash.invert@^3.0.0:
  version "3.0.1"
  resolved "https://registry.yarnpkg.com/lodash.invert/-/lodash.invert-3.0.1.tgz#d63f6632102418308bce7d103d4b9a040eff5f5b"
  integrity sha1-1j9mMhAkGDCLzn0QPUuaBA7/X1s=
  dependencies:
    lodash._isiterateecall "^3.0.0"
    lodash.keys "^3.0.0"

lodash.isarguments@^3.0.0:
  version "3.1.0"
  resolved "https://registry.yarnpkg.com/lodash.isarguments/-/lodash.isarguments-3.1.0.tgz#2f573d85c6a24289ff00663b491c1d338ff3458a"
  integrity sha1-L1c9hcaiQon/AGY7SRwdM4/zRYo=

lodash.isarray@^3.0.0:
  version "3.0.4"
  resolved "https://registry.yarnpkg.com/lodash.isarray/-/lodash.isarray-3.0.4.tgz#79e4eb88c36a8122af86f844aa9bcd851b5fbb55"
  integrity sha1-eeTriMNqgSKvhvhEqpvNhRtfu1U=

lodash.istypedarray@^3.0.0:
  version "3.0.6"
  resolved "https://registry.yarnpkg.com/lodash.istypedarray/-/lodash.istypedarray-3.0.6.tgz#c9a477498607501d8e8494d283b87c39281cef62"
  integrity sha1-yaR3SYYHUB2OhJTSg7h8OSgc72I=

lodash.keys@^3.0.0:
  version "3.1.2"
  resolved "https://registry.yarnpkg.com/lodash.keys/-/lodash.keys-3.1.2.tgz#4dbc0472b156be50a0b286855d1bd0b0c656098a"
  integrity sha1-TbwEcrFWvlCgsoaFXRvQsMZWCYo=
  dependencies:
    lodash._getnative "^3.0.0"
    lodash.isarguments "^3.0.0"
    lodash.isarray "^3.0.0"

lodash.keysin@^3.0.0:
  version "3.0.8"
  resolved "https://registry.yarnpkg.com/lodash.keysin/-/lodash.keysin-3.0.8.tgz#22c4493ebbedb1427962a54b445b2c8a767fb47f"
  integrity sha1-IsRJPrvtsUJ5YqVLRFssinZ/tH8=
  dependencies:
    lodash.isarguments "^3.0.0"
    lodash.isarray "^3.0.0"

lodash.mapkeys@^3.8.0:
  version "3.8.0"
  resolved "https://registry.yarnpkg.com/lodash.mapkeys/-/lodash.mapkeys-3.8.0.tgz#4fe8bec18c18b0520a178b2fcf59794b5548eb84"
  integrity sha1-T+i+wYwYsFIKF4svz1l5S1VI64Q=
  dependencies:
    lodash._basecallback "^3.0.0"
    lodash._basefor "^3.0.0"
    lodash.keys "^3.0.0"

lodash.pairs@^3.0.0:
  version "3.0.1"
  resolved "https://registry.yarnpkg.com/lodash.pairs/-/lodash.pairs-3.0.1.tgz#bbe08d5786eeeaa09a15c91ebf0dcb7d2be326a9"
  integrity sha1-u+CNV4bu6qCaFckevw3LfSvjJqk=
  dependencies:
    lodash.keys "^3.0.0"

lodash.pick@^3.1.0:
  version "3.1.0"
  resolved "https://registry.yarnpkg.com/lodash.pick/-/lodash.pick-3.1.0.tgz#f252a855b2046b61bcd3904b26f76bd2efc65550"
  integrity sha1-8lKoVbIEa2G805BLJvdr0u/GVVA=
  dependencies:
    lodash._baseflatten "^3.0.0"
    lodash._bindcallback "^3.0.0"
    lodash._pickbyarray "^3.0.0"
    lodash._pickbycallback "^3.0.0"
    lodash.restparam "^3.0.0"

lodash.restparam@^3.0.0:
  version "3.6.1"
  resolved "https://registry.yarnpkg.com/lodash.restparam/-/lodash.restparam-3.6.1.tgz#936a4e309ef330a7645ed4145986c85ae5b20805"
  integrity sha1-k2pOMJ7zMKdkXtQUWYbIWuWyCAU=

lower-case@^1.1.1:
  version "1.1.4"
  resolved "https://registry.yarnpkg.com/lower-case/-/lower-case-1.1.4.tgz#9a2cabd1b9e8e0ae993a4bf7d5875c39c42e8eac"
  integrity sha1-miyr0bno4K6ZOkv31YdcOcQujqw=

minimist@^1.2.0:
  version "1.2.5"
  resolved "https://registry.yarnpkg.com/minimist/-/minimist-1.2.5.tgz#67d66014b66a6a8aaa0c083c5fd58df4e4e97602"
  integrity sha512-FM9nNUYrRBAELZQT3xeZQ7fmMOBg6nWNmJKTcgsJeaLstP/UODVpGsr5OhXhhXg6f+qtJ8uiZ+PUxkDWcgIXLw==

nba-client-template@4.5.0:
  version "4.5.0"
  resolved "https://registry.yarnpkg.com/nba-client-template/-/nba-client-template-4.5.0.tgz#664809d7fb6f864cefbc53953dd7815bf632d231"
  integrity sha512-7g2BWC4JhwhTyxBM6HAoAV4+Ax1dcO4MSiaZFWstTaaphM/17X+H1lS8q3YkctIW1h4QlGc+NS96C5/ZeyLsuQ==

nba-client-template@5.0.0:
  version "5.0.0"
  resolved "https://registry.yarnpkg.com/nba-client-template/-/nba-client-template-5.0.0.tgz#9791d9a263f206ebc2c943831101133240ffcb9e"
  integrity sha512-Xo524vpzNaE8nK8wlK9elwfkCzrZcTRxamXfvR5At0uDEGrXSMbfMfLVRDhKK16kb8hiuyINkVRSex0u5ZdLgA==

nba@latest:
  version "4.15.0"
  resolved "https://registry.yarnpkg.com/nba/-/nba-4.15.0.tgz#a695e5a941c2f88eb3b61d9fb7791dc01393cd06"
  integrity sha512-h+YIQXmz3Rl98sP4B5CcajSK0K62fdQ52U3stB9KGUUOfgUkGJZFAj/rkRnYr3N6FMn2EtRjt8H7inn7+AXA5Q==
  dependencies:
    camel-case "^3.0.0"
    lodash.find "^3.2.0"
    lodash.findwhere "^3.1.0"
    lodash.get "^4.4.2"
    lodash.indexby "^3.1.1"
    lodash.invert "^3.0.0"
    lodash.mapkeys "^3.8.0"
    lodash.pick "^3.1.0"
    minimist "^1.2.0"
    nba-client-template "4.5.0"
    node-fetch "2.2.0"
    url "^0.11.0"

no-case@^2.2.0:
  version "2.3.2"
  resolved "https://registry.yarnpkg.com/no-case/-/no-case-2.3.2.tgz#60b813396be39b3f1288a4c1ed5d1e7d28b464ac"
  integrity sha512-rmTZ9kz+f3rCvK2TD1Ue/oZlns7OGoIWP4fc3llxxRXlOkHKoWPPWJOfFYpITabSow43QJbRIoHQXtt10VldyQ==
  dependencies:
    lower-case "^1.1.1"

node-fetch@2.2.0:
  version "2.2.0"
  resolved "https://registry.yarnpkg.com/node-fetch/-/node-fetch-2.2.0.tgz#4ee79bde909262f9775f731e3656d0db55ced5b5"
  integrity sha512-OayFWziIxiHY8bCUyLX6sTpDH8Jsbp4FfYd1j1f7vZyfgkcOnAyM4oQR16f8a0s7Gl/viMGRey8eScYk4V4EZA==

promise@^8.1.0:
  version "8.1.0"
  resolved "https://registry.yarnpkg.com/promise/-/promise-8.1.0.tgz#697c25c3dfe7435dd79fcd58c38a135888eaf05e"
  integrity sha512-W04AqnILOL/sPRXziNicCjSNRruLAuIHEOVBazepu0545DDNGYHz7ar9ZgZ1fMU8/MA4mVxp5rkBWRi6OXIy3Q==
  dependencies:
    asap "~2.0.6"

punycode@1.3.2:
  version "1.3.2"
  resolved "https://registry.yarnpkg.com/punycode/-/punycode-1.3.2.tgz#9653a036fb7c1ee42342f2325cceefea3926c48d"
  integrity sha1-llOgNvt8HuQjQvIyXM7v6jkmxI0=

querystring@0.2.0:
  version "0.2.0"
  resolved "https://registry.yarnpkg.com/querystring/-/querystring-0.2.0.tgz#b209849203bb25df820da756e747005878521620"
  integrity sha1-sgmEkgO7Jd+CDadW50cAWHhSFiA=

upper-case@^1.1.1:
  version "1.1.3"
  resolved "https://registry.yarnpkg.com/upper-case/-/upper-case-1.1.3.tgz#f6b4501c2ec4cdd26ba78be7222961de77621598"
  integrity sha1-9rRQHC7EzdJrp4vnIilh3ndiFZg=

url@^0.11.0:
  version "0.11.0"
  resolved "https://registry.yarnpkg.com/url/-/url-0.11.0.tgz#3838e97cfc60521eb73c525a8e55bfdd9e2e28f1"
  integrity sha1-ODjpfPxgUh63PFJajlW/3Z4uKPE=
  dependencies:
    punycode "1.3.2"
    querystring "0.2.0"
